// !$*UTF8*$!
{
	archiveVersion = 1;
	classes = {
	};
	objectVersion = 46;
	objects = {

/* Begin PBXBuildFile section */
		630AB9A41704B9B1002A8B2C /* UIKit.framework in Frameworks */ = {isa = PBXBuildFile; fileRef = 630AB9A31704B9B1002A8B2C /* UIKit.framework */; };
		630AB9A61704B9B1002A8B2C /* Foundation.framework in Frameworks */ = {isa = PBXBuildFile; fileRef = 630AB9A51704B9B1002A8B2C /* Foundation.framework */; };
		630AB9A81704B9B1002A8B2C /* CoreGraphics.framework in Frameworks */ = {isa = PBXBuildFile; fileRef = 630AB9A71704B9B1002A8B2C /* CoreGraphics.framework */; };
		630AB9AE1704B9B1002A8B2C /* InfoPlist.strings in Resources */ = {isa = PBXBuildFile; fileRef = 630AB9AC1704B9B1002A8B2C /* InfoPlist.strings */; };
		630AB9B01704B9B1002A8B2C /* main.m in Sources */ = {isa = PBXBuildFile; fileRef = 630AB9AF1704B9B1002A8B2C /* main.m */; };
		630AB9B41704B9B1002A8B2C /* AppDelegate.m in Sources */ = {isa = PBXBuildFile; fileRef = 630AB9B31704B9B1002A8B2C /* AppDelegate.m */; };
		630AB9B61704B9B1002A8B2C /* Default.png in Resources */ = {isa = PBXBuildFile; fileRef = 630AB9B51704B9B1002A8B2C /* Default.png */; };
		630AB9B81704B9B1002A8B2C /* Default@2x.png in Resources */ = {isa = PBXBuildFile; fileRef = 630AB9B71704B9B1002A8B2C /* Default@2x.png */; };
		630AB9BA1704B9B1002A8B2C /* Default-568h@2x.png in Resources */ = {isa = PBXBuildFile; fileRef = 630AB9B91704B9B1002A8B2C /* Default-568h@2x.png */; };
		630AB9BD1704B9B1002A8B2C /* MainStoryboard.storyboard in Resources */ = {isa = PBXBuildFile; fileRef = 630AB9BB1704B9B1002A8B2C /* MainStoryboard.storyboard */; };
		630AB9C01704B9B1002A8B2C /* ViewController.m in Sources */ = {isa = PBXBuildFile; fileRef = 630AB9BF1704B9B1002A8B2C /* ViewController.m */; };
		630AB9C81704B9B2002A8B2C /* SenTestingKit.framework in Frameworks */ = {isa = PBXBuildFile; fileRef = 630AB9C71704B9B2002A8B2C /* SenTestingKit.framework */; };
		630AB9C91704B9B2002A8B2C /* UIKit.framework in Frameworks */ = {isa = PBXBuildFile; fileRef = 630AB9A31704B9B1002A8B2C /* UIKit.framework */; };
		630AB9CA1704B9B2002A8B2C /* Foundation.framework in Frameworks */ = {isa = PBXBuildFile; fileRef = 630AB9A51704B9B1002A8B2C /* Foundation.framework */; };
		630AB9D21704B9B2002A8B2C /* InfoPlist.strings in Resources */ = {isa = PBXBuildFile; fileRef = 630AB9D01704B9B2002A8B2C /* InfoPlist.strings */; };
		630AB9D51704B9B2002A8B2C /* CrystalBallTests.m in Sources */ = {isa = PBXBuildFile; fileRef = 630AB9D41704B9B2002A8B2C /* CrystalBallTests.m */; };
		6336F10D1704D9F900E67CA9 /* background.png in Resources */ = {isa = PBXBuildFile; fileRef = 6336F10B1704D9F900E67CA9 /* background.png */; };
		6336F10E1704D9F900E67CA9 /* background@2x.png in Resources */ = {isa = PBXBuildFile; fileRef = 6336F10C1704D9F900E67CA9 /* background@2x.png */; };
		6336F1131704E5C900E67CA9 /* button_bg_off@2x.png in Resources */ = {isa = PBXBuildFile; fileRef = 6336F10F1704E5C900E67CA9 /* button_bg_off@2x.png */; };
		6336F1141704E5C900E67CA9 /* button_bg_on.png in Resources */ = {isa = PBXBuildFile; fileRef = 6336F1101704E5C900E67CA9 /* button_bg_on.png */; };
		6336F1151704E5C900E67CA9 /* button_bg_on@2x.png in Resources */ = {isa = PBXBuildFile; fileRef = 6336F1111704E5C900E67CA9 /* button_bg_on@2x.png */; };
		6336F1161704E5C900E67CA9 /* button_bg_off.png in Resources */ = {isa = PBXBuildFile; fileRef = 6336F1121704E5C900E67CA9 /* button_bg_off.png */; };
/* End PBXBuildFile section */

/* Begin PBXContainerItemProxy section */
		630AB9CB1704B9B2002A8B2C /* PBXContainerItemProxy */ = {
			isa = PBXContainerItemProxy;
			containerPortal = 630AB9981704B9B1002A8B2C /* Project object */;
			proxyType = 1;
			remoteGlobalIDString = 630AB99F1704B9B1002A8B2C;
			remoteInfo = CrystalBall;
		};
/* End PBXContainerItemProxy section */

/* Begin PBXFileReference section */
		630AB9A01704B9B1002A8B2C /* CrystalBall.app */ = {isa = PBXFileReference; explicitFileType = wrapper.application; includeInIndex = 0; path = CrystalBall.app; sourceTree = BUILT_PRODUCTS_DIR; };
		630AB9A31704B9B1002A8B2C /* UIKit.framework */ = {isa = PBXFileReference; lastKnownFileType = wrapper.framework; name = UIKit.framework; path = System/Library/Frameworks/UIKit.framework; sourceTree = SDKROOT; };
		630AB9A51704B9B1002A8B2C /* Foundation.framework */ = {isa = PBXFileReference; lastKnownFileType = wrapper.framework; name = Foundation.framework; path = System/Library/Frameworks/Foundation.framework; sourceTree = SDKROOT; };
		630AB9A71704B9B1002A8B2C /* CoreGraphics.framework */ = {isa = PBXFileReference; lastKnownFileType = wrapper.framework; name = CoreGraphics.framework; path = System/Library/Frameworks/CoreGraphics.framework; sourceTree = SDKROOT; };
		630AB9AB1704B9B1002A8B2C /* CrystalBall-Info.plist */ = {isa = PBXFileReference; lastKnownFileType = text.plist.xml; path = "CrystalBall-Info.plist"; sourceTree = "<group>"; };
		630AB9AD1704B9B1002A8B2C /* en */ = {isa = PBXFileReference; lastKnownFileType = text.plist.strings; name = en; path = en.lproj/InfoPlist.strings; sourceTree = "<group>"; };
		630AB9AF1704B9B1002A8B2C /* main.m */ = {isa = PBXFileReference; lastKnownFileType = sourcecode.c.objc; path = main.m; sourceTree = "<group>"; };
		630AB9B11704B9B1002A8B2C /* CrystalBall-Prefix.pch */ = {isa = PBXFileReference; lastKnownFileType = sourcecode.c.h; path = "CrystalBall-Prefix.pch"; sourceTree = "<group>"; };
		630AB9B21704B9B1002A8B2C /* AppDelegate.h */ = {isa = PBXFileReference; lastKnownFileType = sourcecode.c.h; path = AppDelegate.h; sourceTree = "<group>"; };
		630AB9B31704B9B1002A8B2C /* AppDelegate.m */ = {isa = PBXFileReference; lastKnownFileType = sourcecode.c.objc; path = AppDelegate.m; sourceTree = "<group>"; };
		630AB9B51704B9B1002A8B2C /* Default.png */ = {isa = PBXFileReference; lastKnownFileType = image.png; path = Default.png; sourceTree = "<group>"; };
		630AB9B71704B9B1002A8B2C /* Default@2x.png */ = {isa = PBXFileReference; lastKnownFileType = image.png; path = "Default@2x.png"; sourceTree = "<group>"; };
		630AB9B91704B9B1002A8B2C /* Default-568h@2x.png */ = {isa = PBXFileReference; lastKnownFileType = image.png; path = "Default-568h@2x.png"; sourceTree = "<group>"; };
		630AB9BC1704B9B1002A8B2C /* en */ = {isa = PBXFileReference; lastKnownFileType = file.storyboard; name = en; path = en.lproj/MainStoryboard.storyboard; sourceTree = "<group>"; };
		630AB9BE1704B9B1002A8B2C /* ViewController.h */ = {isa = PBXFileReference; lastKnownFileType = sourcecode.c.h; path = ViewController.h; sourceTree = "<group>"; };
		630AB9BF1704B9B1002A8B2C /* ViewController.m */ = {isa = PBXFileReference; lastKnownFileType = sourcecode.c.objc; path = ViewController.m; sourceTree = "<group>"; };
		630AB9C61704B9B2002A8B2C /* CrystalBallTests.octest */ = {isa = PBXFileReference; explicitFileType = wrapper.cfbundle; includeInIndex = 0; path = CrystalBallTests.octest; sourceTree = BUILT_PRODUCTS_DIR; };
		630AB9C71704B9B2002A8B2C /* SenTestingKit.framework */ = {isa = PBXFileReference; lastKnownFileType = wrapper.framework; name = SenTestingKit.framework; path = Library/Frameworks/SenTestingKit.framework; sourceTree = DEVELOPER_DIR; };
		630AB9CF1704B9B2002A8B2C /* CrystalBallTests-Info.plist */ = {isa = PBXFileReference; lastKnownFileType = text.plist.xml; path = "CrystalBallTests-Info.plist"; sourceTree = "<group>"; };
		630AB9D11704B9B2002A8B2C /* en */ = {isa = PBXFileReference; lastKnownFileType = text.plist.strings; name = en; path = en.lproj/InfoPlist.strings; sourceTree = "<group>"; };
		630AB9D31704B9B2002A8B2C /* CrystalBallTests.h */ = {isa = PBXFileReference; lastKnownFileType = sourcecode.c.h; path = CrystalBallTests.h; sourceTree = "<group>"; };
		630AB9D41704B9B2002A8B2C /* CrystalBallTests.m */ = {isa = PBXFileReference; lastKnownFileType = sourcecode.c.objc; path = CrystalBallTests.m; sourceTree = "<group>"; };
		6336F10B1704D9F900E67CA9 /* background.png */ = {isa = PBXFileReference; lastKnownFileType = image.png; path = background.png; sourceTree = "<group>"; };
		6336F10C1704D9F900E67CA9 /* background@2x.png */ = {isa = PBXFileReference; lastKnownFileType = image.png; path = "background@2x.png"; sourceTree = "<group>"; };
		6336F10F1704E5C900E67CA9 /* button_bg_off@2x.png */ = {isa = PBXFileReference; lastKnownFileType = image.png; path = "button_bg_off@2x.png"; sourceTree = "<group>"; };
		6336F1101704E5C900E67CA9 /* button_bg_on.png */ = {isa = PBXFileReference; lastKnownFileType = image.png; path = button_bg_on.png; sourceTree = "<group>"; };
		6336F1111704E5C900E67CA9 /* button_bg_on@2x.png */ = {isa = PBXFileReference; lastKnownFileType = image.png; path = "button_bg_on@2x.png"; sourceTree = "<group>"; };
		6336F1121704E5C900E67CA9 /* button_bg_off.png */ = {isa = PBXFileReference; lastKnownFileType = image.png; path = button_bg_off.png; sourceTree = "<group>"; };
/* End PBXFileReference section */

/* Begin PBXFrameworksBuildPhase section */
		630AB99D1704B9B1002A8B2C /* Frameworks */ = {
			isa = PBXFrameworksBuildPhase;
			buildActionMask = 2147483647;
			files = (
				630AB9A41704B9B1002A8B2C /* UIKit.framework in Frameworks */,
				630AB9A61704B9B1002A8B2C /* Foundation.framework in Frameworks */,
				630AB9A81704B9B1002A8B2C /* CoreGraphics.framework in Frameworks */,
			);
			runOnlyForDeploymentPostprocessing = 0;
		};
		630AB9C21704B9B2002A8B2C /* Frameworks */ = {
			isa = PBXFrameworksBuildPhase;
			buildActionMask = 2147483647;
			files = (
				630AB9C81704B9B2002A8B2C /* SenTestingKit.framework in Frameworks */,
				630AB9C91704B9B2002A8B2C /* UIKit.framework in Frameworks */,
				630AB9CA1704B9B2002A8B2C /* Foundation.framework in Frameworks */,
			);
			runOnlyForDeploymentPostprocessing = 0;
		};
/* End PBXFrameworksBuildPhase section */

/* Begin PBXGroup section */
		630AB9971704B9B1002A8B2C = {
			isa = PBXGroup;
			children = (
				630AB9A91704B9B1002A8B2C /* CrystalBall */,
				630AB9CD1704B9B2002A8B2C /* CrystalBallTests */,
				630AB9A21704B9B1002A8B2C /* Frameworks */,
				630AB9A11704B9B1002A8B2C /* Products */,
			);
			sourceTree = "<group>";
		};
		630AB9A11704B9B1002A8B2C /* Products */ = {
			isa = PBXGroup;
			children = (
				630AB9A01704B9B1002A8B2C /* CrystalBall.app */,
				630AB9C61704B9B2002A8B2C /* CrystalBallTests.octest */,
			);
			name = Products;
			sourceTree = "<group>";
		};
		630AB9A21704B9B1002A8B2C /* Frameworks */ = {
			isa = PBXGroup;
			children = (
				630AB9A31704B9B1002A8B2C /* UIKit.framework */,
				630AB9A51704B9B1002A8B2C /* Foundation.framework */,
				630AB9A71704B9B1002A8B2C /* CoreGraphics.framework */,
				630AB9C71704B9B2002A8B2C /* SenTestingKit.framework */,
			);
			name = Frameworks;
			sourceTree = "<group>";
		};
		630AB9A91704B9B1002A8B2C /* CrystalBall */ = {
			isa = PBXGroup;
			children = (
				6336F10A1704D9BF00E67CA9 /* Images */,
				630AB9B21704B9B1002A8B2C /* AppDelegate.h */,
				630AB9B31704B9B1002A8B2C /* AppDelegate.m */,
				630AB9BB1704B9B1002A8B2C /* MainStoryboard.storyboard */,
				630AB9BE1704B9B1002A8B2C /* ViewController.h */,
				630AB9BF1704B9B1002A8B2C /* ViewController.m */,
				630AB9AA1704B9B1002A8B2C /* Supporting Files */,
			);
			path = CrystalBall;
			sourceTree = "<group>";
		};
		630AB9AA1704B9B1002A8B2C /* Supporting Files */ = {
			isa = PBXGroup;
			children = (
				630AB9AB1704B9B1002A8B2C /* CrystalBall-Info.plist */,
				630AB9AC1704B9B1002A8B2C /* InfoPlist.strings */,
				630AB9AF1704B9B1002A8B2C /* main.m */,
				630AB9B11704B9B1002A8B2C /* CrystalBall-Prefix.pch */,
				630AB9B51704B9B1002A8B2C /* Default.png */,
				630AB9B71704B9B1002A8B2C /* Default@2x.png */,
				630AB9B91704B9B1002A8B2C /* Default-568h@2x.png */,
			);
			name = "Supporting Files";
			sourceTree = "<group>";
		};
		630AB9CD1704B9B2002A8B2C /* CrystalBallTests */ = {
			isa = PBXGroup;
			children = (
				630AB9D31704B9B2002A8B2C /* CrystalBallTests.h */,
				630AB9D41704B9B2002A8B2C /* CrystalBallTests.m */,
				630AB9CE1704B9B2002A8B2C /* Supporting Files */,
			);
			path = CrystalBallTests;
			sourceTree = "<group>";
		};
		630AB9CE1704B9B2002A8B2C /* Supporting Files */ = {
			isa = PBXGroup;
			children = (
				630AB9CF1704B9B2002A8B2C /* CrystalBallTests-Info.plist */,
				630AB9D01704B9B2002A8B2C /* InfoPlist.strings */,
			);
			name = "Supporting Files";
			sourceTree = "<group>";
		};
		6336F10A1704D9BF00E67CA9 /* Images */ = {
			isa = PBXGroup;
			children = (
				6336F10F1704E5C900E67CA9 /* button_bg_off@2x.png */,
				6336F1101704E5C900E67CA9 /* button_bg_on.png */,
				6336F1111704E5C900E67CA9 /* button_bg_on@2x.png */,
				6336F1121704E5C900E67CA9 /* button_bg_off.png */,
				6336F10B1704D9F900E67CA9 /* background.png */,
				6336F10C1704D9F900E67CA9 /* background@2x.png */,
			);
			name = Images;
			sourceTree = "<group>";
		};
/* End PBXGroup section */

/* Begin PBXNativeTarget section */
		630AB99F1704B9B1002A8B2C /* CrystalBall */ = {
			isa = PBXNativeTarget;
			buildConfigurationList = 630AB9D81704B9B2002A8B2C /* Build configuration list for PBXNativeTarget "CrystalBall" */;
			buildPhases = (
				630AB99C1704B9B1002A8B2C /* Sources */,
				630AB99D1704B9B1002A8B2C /* Frameworks */,
				630AB99E1704B9B1002A8B2C /* Resources */,
			);
			buildRules = (
			);
			dependencies = (
			);
			name = CrystalBall;
			productName = CrystalBall;
			productReference = 630AB9A01704B9B1002A8B2C /* CrystalBall.app */;
			productType = "com.apple.product-type.application";
		};
		630AB9C51704B9B2002A8B2C /* CrystalBallTests */ = {
			isa = PBXNativeTarget;
			buildConfigurationList = 630AB9DB1704B9B2002A8B2C /* Build configuration list for PBXNativeTarget "CrystalBallTests" */;
			buildPhases = (
				630AB9C11704B9B2002A8B2C /* Sources */,
				630AB9C21704B9B2002A8B2C /* Frameworks */,
				630AB9C31704B9B2002A8B2C /* Resources */,
				630AB9C41704B9B2002A8B2C /* ShellScript */,
			);
			buildRules = (
			);
			dependencies = (
				630AB9CC1704B9B2002A8B2C /* PBXTargetDependency */,
			);
			name = CrystalBallTests;
			productName = CrystalBallTests;
			productReference = 630AB9C61704B9B2002A8B2C /* CrystalBallTests.octest */;
			productType = "com.apple.product-type.bundle";
		};
/* End PBXNativeTarget section */

/* Begin PBXProject section */
		630AB9981704B9B1002A8B2C /* Project object */ = {
			isa = PBXProject;
			attributes = {
				LastUpgradeCheck = 0460;
				ORGANIZATIONNAME = "David Mazza";
			};
			buildConfigurationList = 630AB99B1704B9B1002A8B2C /* Build configuration list for PBXProject "CrystalBall" */;
			compatibilityVersion = "Xcode 3.2";
			developmentRegion = English;
			hasScannedForEncodings = 0;
			knownRegions = (
				en,
			);
			mainGroup = 630AB9971704B9B1002A8B2C;
			productRefGroup = 630AB9A11704B9B1002A8B2C /* Products */;
			projectDirPath = "";
			projectRoot = "";
			targets = (
				630AB99F1704B9B1002A8B2C /* CrystalBall */,
				630AB9C51704B9B2002A8B2C /* CrystalBallTests */,
			);
		};
/* End PBXProject section */

/* Begin PBXResourcesBuildPhase section */
		630AB99E1704B9B1002A8B2C /* Resources */ = {
			isa = PBXResourcesBuildPhase;
			buildActionMask = 2147483647;
			files = (
				630AB9AE1704B9B1002A8B2C /* InfoPlist.strings in Resources */,
				630AB9B61704B9B1002A8B2C /* Default.png in Resources */,
				630AB9B81704B9B1002A8B2C /* Default@2x.png in Resources */,
				630AB9BA1704B9B1002A8B2C /* Default-568h@2x.png in Resources */,
				630AB9BD1704B9B1002A8B2C /* MainStoryboard.storyboard in Resources */,
				6336F10D1704D9F900E67CA9 /* background.png in Resources */,
				6336F10E1704D9F900E67CA9 /* background@2x.png in Resources */,
				6336F1131704E5C900E67CA9 /* button_bg_off@2x.png in Resources */,
				6336F1141704E5C900E67CA9 /* button_bg_on.png in Resources */,
				6336F1151704E5C900E67CA9 /* button_bg_on@2x.png in Resources */,
				6336F1161704E5C900E67CA9 /* button_bg_off.png in Resources */,
			);
			runOnlyForDeploymentPostprocessing = 0;
		};
		630AB9C31704B9B2002A8B2C /* Resources */ = {
			isa = PBXResourcesBuildPhase;
			buildActionMask = 2147483647;
			files = (
				630AB9D21704B9B2002A8B2C /* InfoPlist.strings in Resources */,
			);
			runOnlyForDeploymentPostprocessing = 0;
		};
/* End PBXResourcesBuildPhase section */

/* Begin PBXShellScriptBuildPhase section */
		630AB9C41704B9B2002A8B2C /* ShellScript */ = {
			isa = PBXShellScriptBuildPhase;
			buildActionMask = 2147483647;
			files = (
			);
			inputPaths = (
			);
			outputPaths = (
			);
			runOnlyForDeploymentPostprocessing = 0;
			shellPath = /bin/sh;
			shellScript = "# Run the unit tests in this test bundle.\n\"${SYSTEM_DEVELOPER_DIR}/Tools/RunUnitTests\"\n";
		};
/* End PBXShellScriptBuildPhase section */

/* Begin PBXSourcesBuildPhase section */
		630AB99C1704B9B1002A8B2C /* Sources */ = {
			isa = PBXSourcesBuildPhase;
			buildActionMask = 2147483647;
			files = (
				630AB9B01704B9B1002A8B2C /* main.m in Sources */,
				630AB9B41704B9B1002A8B2C /* AppDelegate.m in Sources */,
				630AB9C01704B9B1002A8B2C /* ViewController.m in Sources */,
			);
			runOnlyForDeploymentPostprocessing = 0;
		};
		630AB9C11704B9B2002A8B2C /* Sources */ = {
			isa = PBXSourcesBuildPhase;
			buildActionMask = 2147483647;
			files = (
				630AB9D51704B9B2002A8B2C /* CrystalBallTests.m in Sources */,
			);
			runOnlyForDeploymentPostprocessing = 0;
		};
/* End PBXSourcesBuildPhase section */

/* Begin PBXTargetDependency section */
		630AB9CC1704B9B2002A8B2C /* PBXTargetDependency */ = {
			isa = PBXTargetDependency;
			target = 630AB99F1704B9B1002A8B2C /* CrystalBall */;
			targetProxy = 630AB9CB1704B9B2002A8B2C /* PBXContainerItemProxy */;
		};
/* End PBXTargetDependency section */

/* Begin PBXVariantGroup section */
		630AB9AC1704B9B1002A8B2C /* InfoPlist.strings */ = {
			isa = PBXVariantGroup;
			children = (
				630AB9AD1704B9B1002A8B2C /* en */,
			);
			name = InfoPlist.strings;
			sourceTree = "<group>";
		};
		630AB9BB1704B9B1002A8B2C /* MainStoryboard.storyboard */ = {
			isa = PBXVariantGroup;
			children = (
				630AB9BC1704B9B1002A8B2C /* en */,
			);
			name = MainStoryboard.storyboard;
			sourceTree = "<group>";
		};
		630AB9D01704B9B2002A8B2C /* InfoPlist.strings */ = {
			isa = PBXVariantGroup;
			children = (
				630AB9D11704B9B2002A8B2C /* en */,
			);
			name = InfoPlist.strings;
			sourceTree = "<group>";
		};
/* End PBXVariantGroup section */

/* Begin XCBuildConfiguration section */
		630AB9D61704B9B2002A8B2C /* Debug */ = {
			isa = XCBuildConfiguration;
			buildSettings = {
				ALWAYS_SEARCH_USER_PATHS = NO;
				CLANG_CXX_LANGUAGE_STANDARD = "gnu++0x";
				CLANG_CXX_LIBRARY = "libc++";
				CLANG_ENABLE_OBJC_ARC = YES;
				CLANG_WARN_CONSTANT_CONVERSION = YES;
				CLANG_WARN_EMPTY_BODY = YES;
				CLANG_WARN_ENUM_CONVERSION = YES;
				CLANG_WARN_INT_CONVERSION = YES;
				CLANG_WARN__DUPLICATE_METHOD_MATCH = YES;
				"CODE_SIGN_IDENTITY[sdk=iphoneos*]" = "iPhone Developer";
				COPY_PHASE_STRIP = NO;
				GCC_C_LANGUAGE_STANDARD = gnu99;
				GCC_DYNAMIC_NO_PIC = NO;
				GCC_OPTIMIZATION_LEVEL = 0;
				GCC_PREPROCESSOR_DEFINITIONS = (
					"DEBUG=1",
					"$(inherited)",
				);
				GCC_SYMBOLS_PRIVATE_EXTERN = NO;
				GCC_WARN_ABOUT_RETURN_TYPE = YES;
				GCC_WARN_UNINITIALIZED_AUTOS = YES;
				GCC_WARN_UNUSED_VARIABLE = YES;
				IPHONEOS_DEPLOYMENT_TARGET = 6.1;
				ONLY_ACTIVE_ARCH = YES;
				SDKROOT = iphoneos;
			};
			name = Debug;
		};
		630AB9D71704B9B2002A8B2C /* Release */ = {
			isa = XCBuildConfiguration;
			buildSettings = {
				ALWAYS_SEARCH_USER_PATHS = NO;
				CLANG_CXX_LANGUAGE_STANDARD = "gnu++0x";
				CLANG_CXX_LIBRARY = "libc++";
				CLANG_ENABLE_OBJC_ARC = YES;
				CLANG_WARN_CONSTANT_CONVERSION = YES;
				CLANG_WARN_EMPTY_BODY = YES;
				CLANG_WARN_ENUM_CONVERSION = YES;
				CLANG_WARN_INT_CONVERSION = YES;
				CLANG_WARN__DUPLICATE_METHOD_MATCH = YES;
				"CODE_SIGN_IDENTITY[sdk=iphoneos*]" = "iPhone Developer";
				COPY_PHASE_STRIP = YES;
				GCC_C_LANGUAGE_STANDARD = gnu99;
				GCC_WARN_ABOUT_RETURN_TYPE = YES;
				GCC_WARN_UNINITIALIZED_AUTOS = YES;
				GCC_WARN_UNUSED_VARIABLE = YES;
				IPHONEOS_DEPLOYMENT_TARGET = 6.1;
				OTHER_CFLAGS = "-DNS_BLOCK_ASSERTIONS=1";
				SDKROOT = iphoneos;
				VALIDATE_PRODUCT = YES;
			};
			name = Release;
		};
		630AB9D91704B9B2002A8B2C /* Debug */ = {
			isa = XCBuildConfiguration;
			buildSettings = {
				GCC_PRECOMPILE_PREFIX_HEADER = YES;
				GCC_PREFIX_HEADER = "CrystalBall/CrystalBall-Prefix.pch";
				INFOPLIST_FILE = "CrystalBall/CrystalBall-Info.plist";
				PRODUCT_NAME = "$(TARGET_NAME)";
				WRAPPER_EXTENSION = app;
			};
			name = Debug;
		};
		630AB9DA1704B9B2002A8B2C /* Release */ = {
			isa = XCBuildConfiguration;
			buildSettings = {
				GCC_PRECOMPILE_PREFIX_HEADER = YES;
				GCC_PREFIX_HEADER = "CrystalBall/CrystalBall-Prefix.pch";
				INFOPLIST_FILE = "CrystalBall/CrystalBall-Info.plist";
				PRODUCT_NAME = "$(TARGET_NAME)";
				WRAPPER_EXTENSION = app;
			};
			name = Release;
		};
		630AB9DC1704B9B2002A8B2C /* Debug */ = {
			isa = XCBuildConfiguration;
			buildSettings = {
				BUNDLE_LOADER = "$(BUILT_PRODUCTS_DIR)/CrystalBall.app/CrystalBall";
				FRAMEWORK_SEARCH_PATHS = (
					"\"$(SDKROOT)/Developer/Library/Frameworks\"",
					"\"$(DEVELOPER_LIBRARY_DIR)/Frameworks\"",
				);
				GCC_PRECOMPILE_PREFIX_HEADER = YES;
				GCC_PREFIX_HEADER = "CrystalBall/CrystalBall-Prefix.pch";
				INFOPLIST_FILE = "CrystalBallTests/CrystalBallTests-Info.plist";
				PRODUCT_NAME = "$(TARGET_NAME)";
				TEST_HOST = "$(BUNDLE_LOADER)";
				WRAPPER_EXTENSION = octest;
			};
			name = Debug;
		};
		630AB9DD1704B9B2002A8B2C /* Release */ = {
			isa = XCBuildConfiguration;
			buildSettings = {
				BUNDLE_LOADER = "$(BUILT_PRODUCTS_DIR)/CrystalBall.app/CrystalBall";
				FRAMEWORK_SEARCH_PATHS = (
					"\"$(SDKROOT)/Developer/Library/Frameworks\"",
					"\"$(DEVELOPER_LIBRARY_DIR)/Frameworks\"",
				);
				GCC_PRECOMPILE_PREFIX_HEADER = YES;
				GCC_PREFIX_HEADER = "CrystalBall/CrystalBall-Prefix.pch";
				INFOPLIST_FILE = "CrystalBallTests/CrystalBallTests-Info.plist";
				PRODUCT_NAME = "$(TARGET_NAME)";
				TEST_HOST = "$(BUNDLE_LOADER)";
				WRAPPER_EXTENSION = octest;
			};
			name = Release;
		};
/* End XCBuildConfiguration section */

/* Begin XCConfigurationList section */
		630AB99B1704B9B1002A8B2C /* Build configuration list for PBXProject "CrystalBall" */ = {
			isa = XCConfigurationList;
			buildConfigurations = (
				630AB9D61704B9B2002A8B2C /* Debug */,
				630AB9D71704B9B2002A8B2C /* Release */,
			);
			defaultConfigurationIsVisible = 0;
			defaultConfigurationName = Release;
		};
		630AB9D81704B9B2002A8B2C /* Build configuration list for PBXNativeTarget "CrystalBall" */ = {
			isa = XCConfigurationList;
			buildConfigurations = (
				630AB9D91704B9B2002A8B2C /* Debug */,
				630AB9DA1704B9B2002A8B2C /* Release */,
			);
			defaultConfigurationIsVisible = 0;
			defaultConfigurationName = Release;
		};
		630AB9DB1704B9B2002A8B2C /* Build configuration list for PBXNativeTarget "CrystalBallTests" */ = {
			isa = XCConfigurationList;
			buildConfigurations = (
				630AB9DC1704B9B2002A8B2C /* Debug */,
				630AB9DD1704B9B2002A8B2C /* Release */,
			);
			defaultConfigurationIsVisible = 0;
			defaultConfigurationName = Release;
		};
/* End XCConfigurationList section */
	};
	rootObject = 630AB9981704B9B1002A8B2C /* Project object */;
}
